
Microsoft Visual Studio Solution File, Format Version 12.00
# Visual Studio Version 17
VisualStudioVersion = 17.4.33213.308
MinimumVisualStudioVersion = 10.0.40219.1
Project("{FAE04EC0-301F-11D3-BF4B-00C04F79EFBC}") = "Pizzeria", "Pizzeria\Pizzeria.csproj", "{A03DCBA3-4896-48B7-B1BE-A6893B8728CB}"
EndProject
Global
	GlobalSection(SolutionConfigurationPlatforms) = preSolution
		Debug|Any CPU = Debug|Any CPU
		Release|Any CPU = Release|Any CPU
	EndGlobalSection
	GlobalSection(ProjectConfigurationPlatforms) = postSolution
		{A03DCBA3-4896-48B7-B1BE-A6893B8728CB}.Debug|Any CPU.ActiveCfg = Debug|Any CPU
		{A03DCBA3-4896-48B7-B1BE-A6893B8728CB}.Debug|Any CPU.Build.0 = Debug|Any CPU
		{A03DCBA3-4896-48B7-B1BE-A6893B8728CB}.Release|Any CPU.ActiveCfg = Release|Any CPU
		{A03DCBA3-4896-48B7-B1BE-A6893B8728CB}.Release|Any CPU.Build.0 = Release|Any CPU
	EndGlobalSection
	GlobalSection(SolutionProperties) = preSolution
		HideSolutionNode = FALSE
	EndGlobalSection
	GlobalSection(ExtensibilityGlobals) = postSolution
		SolutionGuid = {0EC959D5-D01E-4130-9D59-78BB0176DF06}
	EndGlobalSection
EndGlobal
